<Solution>
  <Project Path="laboratorio 2/Laboratorio1_metodos.csproj" />
  <Project Path="Laboratorio2_metodos/Laboratorio2_metodos.csproj" Id="553e62a8-1ab5-4f54-83ef-805056472364" />
  <Project Path="Laboratorio3_metodos/Laboratorio3_metodos.csproj" Id="99072cd1-e7a3-441a-b9ce-1ede206a3162" />
</Solution>
